// !$*UTF8*$!
{
	archiveVersion = 1;
	classes = {
	};
	objectVersion = 56;
	objects = {

/* Begin PBXBuildFile section */
		09FDB4C7A631B23127BC0283 /* Pods_Digio_Challenge_Digio_ChallengeUITests.framework in Frameworks */ = {isa = PBXBuildFile; fileRef = 4591C37939055E2EB4950718 /* Pods_Digio_Challenge_Digio_ChallengeUITests.framework */; };
		442728CE2BA867E3006B9424 /* SpotLightView.swift in Sources */ = {isa = PBXBuildFile; fileRef = 442728CD2BA867E3006B9424 /* SpotLightView.swift */; };
		4480DF322BA46048005454FD /* AppDelegate.swift in Sources */ = {isa = PBXBuildFile; fileRef = 4480DF312BA46048005454FD /* AppDelegate.swift */; };
		4480DF362BA46048005454FD /* HomeViewController.swift in Sources */ = {isa = PBXBuildFile; fileRef = 4480DF352BA46048005454FD /* HomeViewController.swift */; };
		4480DF3B2BA4604D005454FD /* Assets.xcassets in Resources */ = {isa = PBXBuildFile; fileRef = 4480DF3A2BA4604D005454FD /* Assets.xcassets */; };
		4480DF3E2BA4604D005454FD /* LaunchScreen.storyboard in Resources */ = {isa = PBXBuildFile; fileRef = 4480DF3C2BA4604D005454FD /* LaunchScreen.storyboard */; };
		4480DF492BA4604E005454FD /* Digio_ChallengeTests.swift in Sources */ = {isa = PBXBuildFile; fileRef = 4480DF482BA4604E005454FD /* Digio_ChallengeTests.swift */; };
		4480DF532BA4604E005454FD /* Digio_ChallengeUITests.swift in Sources */ = {isa = PBXBuildFile; fileRef = 4480DF522BA4604E005454FD /* Digio_ChallengeUITests.swift */; };
		4480DF552BA4604E005454FD /* Digio_ChallengeUITestsLaunchTests.swift in Sources */ = {isa = PBXBuildFile; fileRef = 4480DF542BA4604E005454FD /* Digio_ChallengeUITestsLaunchTests.swift */; };
		4480DF692BA4764F005454FD /* NetworkRequestable.swift in Sources */ = {isa = PBXBuildFile; fileRef = 4480DF682BA4764F005454FD /* NetworkRequestable.swift */; };
		4480DF6B2BA4770B005454FD /* NetworkEndpoint.swift in Sources */ = {isa = PBXBuildFile; fileRef = 4480DF6A2BA4770B005454FD /* NetworkEndpoint.swift */; };
		4480DF6D2BA4772A005454FD /* NetworkMethod.swift in Sources */ = {isa = PBXBuildFile; fileRef = 4480DF6C2BA4772A005454FD /* NetworkMethod.swift */; };
		4480DF6F2BA47750005454FD /* NetworkErrorType.swift in Sources */ = {isa = PBXBuildFile; fileRef = 4480DF6E2BA47750005454FD /* NetworkErrorType.swift */; };
		4480DF732BA47A33005454FD /* Environment.swift in Sources */ = {isa = PBXBuildFile; fileRef = 4480DF722BA47A33005454FD /* Environment.swift */; };
		4480DF752BA47B6A005454FD /* NetworkConfiguration.swift in Sources */ = {isa = PBXBuildFile; fileRef = 4480DF742BA47B6A005454FD /* NetworkConfiguration.swift */; };
		4480DF772BA47BEC005454FD /* NetworkRequestService.swift in Sources */ = {isa = PBXBuildFile; fileRef = 4480DF762BA47BEC005454FD /* NetworkRequestService.swift */; };
		4480DF7B2BA48E94005454FD /* Coordinatable.swift in Sources */ = {isa = PBXBuildFile; fileRef = 4480DF7A2BA48E94005454FD /* Coordinatable.swift */; };
		4480DF7E2BA48F87005454FD /* AppCoordinator.swift in Sources */ = {isa = PBXBuildFile; fileRef = 4480DF7D2BA48F87005454FD /* AppCoordinator.swift */; };
		4480DF802BA48F9F005454FD /* Coordinator.swift in Sources */ = {isa = PBXBuildFile; fileRef = 4480DF7F2BA48F9F005454FD /* Coordinator.swift */; };
		4480DF822BA48FEA005454FD /* NavigationCoordinator.swift in Sources */ = {isa = PBXBuildFile; fileRef = 4480DF812BA48FEA005454FD /* NavigationCoordinator.swift */; };
		4480DF862BA490EF005454FD /* MainCoordinator.swift in Sources */ = {isa = PBXBuildFile; fileRef = 4480DF852BA490EF005454FD /* MainCoordinator.swift */; };
		4480DF882BA4910F005454FD /* DetailViewController.swift in Sources */ = {isa = PBXBuildFile; fileRef = 4480DF872BA4910F005454FD /* DetailViewController.swift */; };
		4480DF8A2BA4BC52005454FD /* HomeBuilder.swift in Sources */ = {isa = PBXBuildFile; fileRef = 4480DF892BA4BC51005454FD /* HomeBuilder.swift */; };
		4480DF8C2BA4BD0A005454FD /* HomeViewModel.swift in Sources */ = {isa = PBXBuildFile; fileRef = 4480DF8B2BA4BD0A005454FD /* HomeViewModel.swift */; };
		4480DF8E2BA4BFFF005454FD /* HomeRouter.swift in Sources */ = {isa = PBXBuildFile; fileRef = 4480DF8D2BA4BFFF005454FD /* HomeRouter.swift */; };
		4480DF912BA4C3F1005454FD /* HomeEndpoint.swift in Sources */ = {isa = PBXBuildFile; fileRef = 4480DF902BA4C3F1005454FD /* HomeEndpoint.swift */; };
		4480DF942BA4C658005454FD /* HomeDTO.swift in Sources */ = {isa = PBXBuildFile; fileRef = 4480DF932BA4C658005454FD /* HomeDTO.swift */; };
		4480DF972BA4CBA2005454FD /* NetworkImageLoader.swift in Sources */ = {isa = PBXBuildFile; fileRef = 4480DF962BA4CBA2005454FD /* NetworkImageLoader.swift */; };
		4480DF9A2BA5B8A0005454FD /* HomeHeaderView.swift in Sources */ = {isa = PBXBuildFile; fileRef = 4480DF992BA5B8A0005454FD /* HomeHeaderView.swift */; };
		4480DF9D2BA5BA19005454FD /* UIView+Extensions.swift in Sources */ = {isa = PBXBuildFile; fileRef = 4480DF9C2BA5BA19005454FD /* UIView+Extensions.swift */; };
		4480DFA02BA5BB14005454FD /* ViewCodeProtocol.swift in Sources */ = {isa = PBXBuildFile; fileRef = 4480DF9F2BA5BB14005454FD /* ViewCodeProtocol.swift */; };
		4480DFA32BA5CF7F005454FD /* HomeTableCell.swift in Sources */ = {isa = PBXBuildFile; fileRef = 4480DFA22BA5CF7F005454FD /* HomeTableCell.swift */; };
		4480DFA62BA5E5B2005454FD /* HomeCollectionCell.swift in Sources */ = {isa = PBXBuildFile; fileRef = 4480DFA52BA5E5B2005454FD /* HomeCollectionCell.swift */; };
		91A5070848C0602A3915876D /* Pods_Digio_Challenge.framework in Frameworks */ = {isa = PBXBuildFile; fileRef = EDA50B71217E956D66A535BB /* Pods_Digio_Challenge.framework */; };
		B642F8D8EBD2EE4A3367D32C /* Pods_Digio_ChallengeTests.framework in Frameworks */ = {isa = PBXBuildFile; fileRef = 14B9C4361D70EA6B9E8BA70D /* Pods_Digio_ChallengeTests.framework */; };
/* End PBXBuildFile section */

/* Begin PBXContainerItemProxy section */
		4480DF452BA4604E005454FD /* PBXContainerItemProxy */ = {
			isa = PBXContainerItemProxy;
			containerPortal = 4480DF262BA46048005454FD /* Project object */;
			proxyType = 1;
			remoteGlobalIDString = 4480DF2D2BA46048005454FD;
			remoteInfo = "Digio-Challenge";
		};
		4480DF4F2BA4604E005454FD /* PBXContainerItemProxy */ = {
			isa = PBXContainerItemProxy;
			containerPortal = 4480DF262BA46048005454FD /* Project object */;
			proxyType = 1;
			remoteGlobalIDString = 4480DF2D2BA46048005454FD;
			remoteInfo = "Digio-Challenge";
		};
/* End PBXContainerItemProxy section */

/* Begin PBXFileReference section */
		14B9C4361D70EA6B9E8BA70D /* Pods_Digio_ChallengeTests.framework */ = {isa = PBXFileReference; explicitFileType = wrapper.framework; includeInIndex = 0; path = Pods_Digio_ChallengeTests.framework; sourceTree = BUILT_PRODUCTS_DIR; };
		442728CD2BA867E3006B9424 /* SpotLightView.swift */ = {isa = PBXFileReference; lastKnownFileType = sourcecode.swift; path = SpotLightView.swift; sourceTree = "<group>"; };
		4480DF2E2BA46048005454FD /* Digio-Challenge.app */ = {isa = PBXFileReference; explicitFileType = wrapper.application; includeInIndex = 0; path = "Digio-Challenge.app"; sourceTree = BUILT_PRODUCTS_DIR; };
		4480DF312BA46048005454FD /* AppDelegate.swift */ = {isa = PBXFileReference; lastKnownFileType = sourcecode.swift; path = AppDelegate.swift; sourceTree = "<group>"; };
		4480DF352BA46048005454FD /* HomeViewController.swift */ = {isa = PBXFileReference; lastKnownFileType = sourcecode.swift; path = HomeViewController.swift; sourceTree = "<group>"; };
		4480DF3A2BA4604D005454FD /* Assets.xcassets */ = {isa = PBXFileReference; lastKnownFileType = folder.assetcatalog; path = Assets.xcassets; sourceTree = "<group>"; };
		4480DF3D2BA4604D005454FD /* Base */ = {isa = PBXFileReference; lastKnownFileType = file.storyboard; name = Base; path = Base.lproj/LaunchScreen.storyboard; sourceTree = "<group>"; };
		4480DF3F2BA4604D005454FD /* Info.plist */ = {isa = PBXFileReference; lastKnownFileType = text.plist.xml; path = Info.plist; sourceTree = "<group>"; };
		4480DF442BA4604E005454FD /* Digio-ChallengeTests.xctest */ = {isa = PBXFileReference; explicitFileType = wrapper.cfbundle; includeInIndex = 0; path = "Digio-ChallengeTests.xctest"; sourceTree = BUILT_PRODUCTS_DIR; };
		4480DF482BA4604E005454FD /* Digio_ChallengeTests.swift */ = {isa = PBXFileReference; lastKnownFileType = sourcecode.swift; path = Digio_ChallengeTests.swift; sourceTree = "<group>"; };
		4480DF4E2BA4604E005454FD /* Digio-ChallengeUITests.xctest */ = {isa = PBXFileReference; explicitFileType = wrapper.cfbundle; includeInIndex = 0; path = "Digio-ChallengeUITests.xctest"; sourceTree = BUILT_PRODUCTS_DIR; };
		4480DF522BA4604E005454FD /* Digio_ChallengeUITests.swift */ = {isa = PBXFileReference; lastKnownFileType = sourcecode.swift; path = Digio_ChallengeUITests.swift; sourceTree = "<group>"; };
		4480DF542BA4604E005454FD /* Digio_ChallengeUITestsLaunchTests.swift */ = {isa = PBXFileReference; lastKnownFileType = sourcecode.swift; path = Digio_ChallengeUITestsLaunchTests.swift; sourceTree = "<group>"; };
		4480DF682BA4764F005454FD /* NetworkRequestable.swift */ = {isa = PBXFileReference; lastKnownFileType = sourcecode.swift; path = NetworkRequestable.swift; sourceTree = "<group>"; };
		4480DF6A2BA4770B005454FD /* NetworkEndpoint.swift */ = {isa = PBXFileReference; lastKnownFileType = sourcecode.swift; path = NetworkEndpoint.swift; sourceTree = "<group>"; };
		4480DF6C2BA4772A005454FD /* NetworkMethod.swift */ = {isa = PBXFileReference; lastKnownFileType = sourcecode.swift; path = NetworkMethod.swift; sourceTree = "<group>"; };
		4480DF6E2BA47750005454FD /* NetworkErrorType.swift */ = {isa = PBXFileReference; lastKnownFileType = sourcecode.swift; path = NetworkErrorType.swift; sourceTree = "<group>"; };
		4480DF722BA47A33005454FD /* Environment.swift */ = {isa = PBXFileReference; lastKnownFileType = sourcecode.swift; path = Environment.swift; sourceTree = "<group>"; };
		4480DF742BA47B6A005454FD /* NetworkConfiguration.swift */ = {isa = PBXFileReference; lastKnownFileType = sourcecode.swift; path = NetworkConfiguration.swift; sourceTree = "<group>"; };
		4480DF762BA47BEC005454FD /* NetworkRequestService.swift */ = {isa = PBXFileReference; lastKnownFileType = sourcecode.swift; path = NetworkRequestService.swift; sourceTree = "<group>"; };
		4480DF7A2BA48E94005454FD /* Coordinatable.swift */ = {isa = PBXFileReference; lastKnownFileType = sourcecode.swift; path = Coordinatable.swift; sourceTree = "<group>"; };
		4480DF7D2BA48F87005454FD /* AppCoordinator.swift */ = {isa = PBXFileReference; lastKnownFileType = sourcecode.swift; path = AppCoordinator.swift; sourceTree = "<group>"; };
		4480DF7F2BA48F9F005454FD /* Coordinator.swift */ = {isa = PBXFileReference; lastKnownFileType = sourcecode.swift; path = Coordinator.swift; sourceTree = "<group>"; };
		4480DF812BA48FEA005454FD /* NavigationCoordinator.swift */ = {isa = PBXFileReference; lastKnownFileType = sourcecode.swift; path = NavigationCoordinator.swift; sourceTree = "<group>"; };
		4480DF852BA490EF005454FD /* MainCoordinator.swift */ = {isa = PBXFileReference; lastKnownFileType = sourcecode.swift; path = MainCoordinator.swift; sourceTree = "<group>"; };
		4480DF872BA4910F005454FD /* DetailViewController.swift */ = {isa = PBXFileReference; lastKnownFileType = sourcecode.swift; path = DetailViewController.swift; sourceTree = "<group>"; };
		4480DF892BA4BC51005454FD /* HomeBuilder.swift */ = {isa = PBXFileReference; lastKnownFileType = sourcecode.swift; path = HomeBuilder.swift; sourceTree = "<group>"; };
		4480DF8B2BA4BD0A005454FD /* HomeViewModel.swift */ = {isa = PBXFileReference; lastKnownFileType = sourcecode.swift; path = HomeViewModel.swift; sourceTree = "<group>"; };
		4480DF8D2BA4BFFF005454FD /* HomeRouter.swift */ = {isa = PBXFileReference; lastKnownFileType = sourcecode.swift; path = HomeRouter.swift; sourceTree = "<group>"; };
		4480DF902BA4C3F1005454FD /* HomeEndpoint.swift */ = {isa = PBXFileReference; lastKnownFileType = sourcecode.swift; path = HomeEndpoint.swift; sourceTree = "<group>"; };
		4480DF932BA4C658005454FD /* HomeDTO.swift */ = {isa = PBXFileReference; lastKnownFileType = sourcecode.swift; path = HomeDTO.swift; sourceTree = "<group>"; };
		4480DF962BA4CBA2005454FD /* NetworkImageLoader.swift */ = {isa = PBXFileReference; lastKnownFileType = sourcecode.swift; path = NetworkImageLoader.swift; sourceTree = "<group>"; };
		4480DF992BA5B8A0005454FD /* HomeHeaderView.swift */ = {isa = PBXFileReference; lastKnownFileType = sourcecode.swift; path = HomeHeaderView.swift; sourceTree = "<group>"; };
		4480DF9C2BA5BA19005454FD /* UIView+Extensions.swift */ = {isa = PBXFileReference; lastKnownFileType = sourcecode.swift; path = "UIView+Extensions.swift"; sourceTree = "<group>"; };
		4480DF9F2BA5BB14005454FD /* ViewCodeProtocol.swift */ = {isa = PBXFileReference; lastKnownFileType = sourcecode.swift; path = ViewCodeProtocol.swift; sourceTree = "<group>"; };
		4480DFA22BA5CF7F005454FD /* HomeTableCell.swift */ = {isa = PBXFileReference; lastKnownFileType = sourcecode.swift; path = HomeTableCell.swift; sourceTree = "<group>"; };
		4480DFA52BA5E5B2005454FD /* HomeCollectionCell.swift */ = {isa = PBXFileReference; lastKnownFileType = sourcecode.swift; path = HomeCollectionCell.swift; sourceTree = "<group>"; };
		4591C37939055E2EB4950718 /* Pods_Digio_Challenge_Digio_ChallengeUITests.framework */ = {isa = PBXFileReference; explicitFileType = wrapper.framework; includeInIndex = 0; path = Pods_Digio_Challenge_Digio_ChallengeUITests.framework; sourceTree = BUILT_PRODUCTS_DIR; };
		617CC962AB6DF1FEB5C91FFE /* Pods-Digio-ChallengeTests.debug.xcconfig */ = {isa = PBXFileReference; includeInIndex = 1; lastKnownFileType = text.xcconfig; name = "Pods-Digio-ChallengeTests.debug.xcconfig"; path = "Target Support Files/Pods-Digio-ChallengeTests/Pods-Digio-ChallengeTests.debug.xcconfig"; sourceTree = "<group>"; };
		68926B73221A162F11F38462 /* Pods-Digio-Challenge-Digio-ChallengeUITests.release.xcconfig */ = {isa = PBXFileReference; includeInIndex = 1; lastKnownFileType = text.xcconfig; name = "Pods-Digio-Challenge-Digio-ChallengeUITests.release.xcconfig"; path = "Target Support Files/Pods-Digio-Challenge-Digio-ChallengeUITests/Pods-Digio-Challenge-Digio-ChallengeUITests.release.xcconfig"; sourceTree = "<group>"; };
		822ED64C2A6E4EEF54AC060F /* Pods-Digio-Challenge.debug.xcconfig */ = {isa = PBXFileReference; includeInIndex = 1; lastKnownFileType = text.xcconfig; name = "Pods-Digio-Challenge.debug.xcconfig"; path = "Target Support Files/Pods-Digio-Challenge/Pods-Digio-Challenge.debug.xcconfig"; sourceTree = "<group>"; };
		8C96031399086C61BF6E5CE0 /* Pods-Digio-Challenge.release.xcconfig */ = {isa = PBXFileReference; includeInIndex = 1; lastKnownFileType = text.xcconfig; name = "Pods-Digio-Challenge.release.xcconfig"; path = "Target Support Files/Pods-Digio-Challenge/Pods-Digio-Challenge.release.xcconfig"; sourceTree = "<group>"; };
		8EECB6EB106F59081B25754C /* Pods-Digio-Challenge-Digio-ChallengeUITests.debug.xcconfig */ = {isa = PBXFileReference; includeInIndex = 1; lastKnownFileType = text.xcconfig; name = "Pods-Digio-Challenge-Digio-ChallengeUITests.debug.xcconfig"; path = "Target Support Files/Pods-Digio-Challenge-Digio-ChallengeUITests/Pods-Digio-Challenge-Digio-ChallengeUITests.debug.xcconfig"; sourceTree = "<group>"; };
		EDA50B71217E956D66A535BB /* Pods_Digio_Challenge.framework */ = {isa = PBXFileReference; explicitFileType = wrapper.framework; includeInIndex = 0; path = Pods_Digio_Challenge.framework; sourceTree = BUILT_PRODUCTS_DIR; };
		F4822B1273E4B05075959FFB /* Pods-Digio-ChallengeTests.release.xcconfig */ = {isa = PBXFileReference; includeInIndex = 1; lastKnownFileType = text.xcconfig; name = "Pods-Digio-ChallengeTests.release.xcconfig"; path = "Target Support Files/Pods-Digio-ChallengeTests/Pods-Digio-ChallengeTests.release.xcconfig"; sourceTree = "<group>"; };
/* End PBXFileReference section */

/* Begin PBXFrameworksBuildPhase section */
		4480DF2B2BA46048005454FD /* Frameworks */ = {
			isa = PBXFrameworksBuildPhase;
			buildActionMask = 2147483647;
			files = (
				91A5070848C0602A3915876D /* Pods_Digio_Challenge.framework in Frameworks */,
			);
			runOnlyForDeploymentPostprocessing = 0;
		};
		4480DF412BA4604E005454FD /* Frameworks */ = {
			isa = PBXFrameworksBuildPhase;
			buildActionMask = 2147483647;
			files = (
				B642F8D8EBD2EE4A3367D32C /* Pods_Digio_ChallengeTests.framework in Frameworks */,
			);
			runOnlyForDeploymentPostprocessing = 0;
		};
		4480DF4B2BA4604E005454FD /* Frameworks */ = {
			isa = PBXFrameworksBuildPhase;
			buildActionMask = 2147483647;
			files = (
				09FDB4C7A631B23127BC0283 /* Pods_Digio_Challenge_Digio_ChallengeUITests.framework in Frameworks */,
			);
			runOnlyForDeploymentPostprocessing = 0;
		};
/* End PBXFrameworksBuildPhase section */

/* Begin PBXGroup section */
		1E5CE734A054A94C3767F5F9 /* Pods */ = {
			isa = PBXGroup;
			children = (
				822ED64C2A6E4EEF54AC060F /* Pods-Digio-Challenge.debug.xcconfig */,
				8C96031399086C61BF6E5CE0 /* Pods-Digio-Challenge.release.xcconfig */,
				8EECB6EB106F59081B25754C /* Pods-Digio-Challenge-Digio-ChallengeUITests.debug.xcconfig */,
				68926B73221A162F11F38462 /* Pods-Digio-Challenge-Digio-ChallengeUITests.release.xcconfig */,
				617CC962AB6DF1FEB5C91FFE /* Pods-Digio-ChallengeTests.debug.xcconfig */,
				F4822B1273E4B05075959FFB /* Pods-Digio-ChallengeTests.release.xcconfig */,
			);
			path = Pods;
			sourceTree = "<group>";
		};
		4480DF252BA46048005454FD = {
			isa = PBXGroup;
			children = (
				4480DF302BA46048005454FD /* Digio-Challenge */,
				4480DF472BA4604E005454FD /* Digio-ChallengeTests */,
				4480DF512BA4604E005454FD /* Digio-ChallengeUITests */,
				4480DF2F2BA46048005454FD /* Products */,
				1E5CE734A054A94C3767F5F9 /* Pods */,
				8CD069DC86465B7CF9561C5E /* Frameworks */,
			);
			sourceTree = "<group>";
		};
		4480DF2F2BA46048005454FD /* Products */ = {
			isa = PBXGroup;
			children = (
				4480DF2E2BA46048005454FD /* Digio-Challenge.app */,
				4480DF442BA4604E005454FD /* Digio-ChallengeTests.xctest */,
				4480DF4E2BA4604E005454FD /* Digio-ChallengeUITests.xctest */,
			);
			name = Products;
			sourceTree = "<group>";
		};
		4480DF302BA46048005454FD /* Digio-Challenge */ = {
			isa = PBXGroup;
			children = (
				4480DF612BA462A5005454FD /* Sources */,
				4480DF622BA462A8005454FD /* Resources */,
			);
			path = "Digio-Challenge";
			sourceTree = "<group>";
		};
		4480DF472BA4604E005454FD /* Digio-ChallengeTests */ = {
			isa = PBXGroup;
			children = (
				4480DF482BA4604E005454FD /* Digio_ChallengeTests.swift */,
			);
			path = "Digio-ChallengeTests";
			sourceTree = "<group>";
		};
		4480DF512BA4604E005454FD /* Digio-ChallengeUITests */ = {
			isa = PBXGroup;
			children = (
				4480DF522BA4604E005454FD /* Digio_ChallengeUITests.swift */,
				4480DF542BA4604E005454FD /* Digio_ChallengeUITestsLaunchTests.swift */,
			);
			path = "Digio-ChallengeUITests";
			sourceTree = "<group>";
		};
		4480DF612BA462A5005454FD /* Sources */ = {
			isa = PBXGroup;
			children = (
				4480DF642BA47615005454FD /* Application */,
				4480DF702BA47A22005454FD /* Common */,
				4480DF782BA48E78005454FD /* Coordinator */,
				4480DF652BA4761C005454FD /* Modules */,
				4480DF632BA4760A005454FD /* Network */,
			);
			path = Sources;
			sourceTree = "<group>";
		};
		4480DF622BA462A8005454FD /* Resources */ = {
			isa = PBXGroup;
			children = (
				4480DF3A2BA4604D005454FD /* Assets.xcassets */,
				4480DF3C2BA4604D005454FD /* LaunchScreen.storyboard */,
				4480DF3F2BA4604D005454FD /* Info.plist */,
			);
			path = Resources;
			sourceTree = "<group>";
		};
		4480DF632BA4760A005454FD /* Network */ = {
			isa = PBXGroup;
			children = (
				4480DF762BA47BEC005454FD /* NetworkRequestService.swift */,
				4480DF742BA47B6A005454FD /* NetworkConfiguration.swift */,
				4480DF672BA47630005454FD /* Protocols */,
				4480DF662BA4762E005454FD /* Enums */,
			);
			path = Network;
			sourceTree = "<group>";
		};
		4480DF642BA47615005454FD /* Application */ = {
			isa = PBXGroup;
			children = (
				4480DF312BA46048005454FD /* AppDelegate.swift */,
			);
			path = Application;
			sourceTree = "<group>";
		};
		4480DF652BA4761C005454FD /* Modules */ = {
			isa = PBXGroup;
			children = (
				4480DF852BA490EF005454FD /* MainCoordinator.swift */,
				4480DF832BA490D4005454FD /* Home */,
				4480DF842BA490DB005454FD /* Detail */,
			);
			path = Modules;
			sourceTree = "<group>";
		};
		4480DF662BA4762E005454FD /* Enums */ = {
			isa = PBXGroup;
			children = (
				4480DF6C2BA4772A005454FD /* NetworkMethod.swift */,
				4480DF6E2BA47750005454FD /* NetworkErrorType.swift */,
			);
			path = Enums;
			sourceTree = "<group>";
		};
		4480DF672BA47630005454FD /* Protocols */ = {
			isa = PBXGroup;
			children = (
				4480DF682BA4764F005454FD /* NetworkRequestable.swift */,
				4480DF6A2BA4770B005454FD /* NetworkEndpoint.swift */,
			);
			path = Protocols;
			sourceTree = "<group>";
		};
		4480DF702BA47A22005454FD /* Common */ = {
			isa = PBXGroup;
			children = (
				4480DF9E2BA5BB04005454FD /* ViewCode */,
				4480DF9B2BA5BA02005454FD /* Extensions */,
				4480DF952BA4CB9C005454FD /* NetworkImageLoader */,
				4480DF712BA47A29005454FD /* Environment */,
			);
			path = Common;
			sourceTree = "<group>";
		};
		4480DF712BA47A29005454FD /* Environment */ = {
			isa = PBXGroup;
			children = (
				4480DF722BA47A33005454FD /* Environment.swift */,
			);
			path = Environment;
			sourceTree = "<group>";
		};
		4480DF782BA48E78005454FD /* Coordinator */ = {
			isa = PBXGroup;
			children = (
				4480DF7D2BA48F87005454FD /* AppCoordinator.swift */,
				4480DF7C2BA48F7F005454FD /* Classes */,
				4480DF792BA48E86005454FD /* Protocols */,
			);
			path = Coordinator;
			sourceTree = "<group>";
		};
		4480DF792BA48E86005454FD /* Protocols */ = {
			isa = PBXGroup;
			children = (
				4480DF7A2BA48E94005454FD /* Coordinatable.swift */,
			);
			path = Protocols;
			sourceTree = "<group>";
		};
		4480DF7C2BA48F7F005454FD /* Classes */ = {
			isa = PBXGroup;
			children = (
				4480DF7F2BA48F9F005454FD /* Coordinator.swift */,
				4480DF812BA48FEA005454FD /* NavigationCoordinator.swift */,
			);
			path = Classes;
			sourceTree = "<group>";
		};
		4480DF832BA490D4005454FD /* Home */ = {
			isa = PBXGroup;
			children = (
				4480DF982BA5B87F005454FD /* Components */,
				4480DF922BA4C649005454FD /* Model */,
				4480DF8F2BA4C3D9005454FD /* Endpoint */,
				4480DF892BA4BC51005454FD /* HomeBuilder.swift */,
				4480DF352BA46048005454FD /* HomeViewController.swift */,
				4480DF8B2BA4BD0A005454FD /* HomeViewModel.swift */,
				4480DF8D2BA4BFFF005454FD /* HomeRouter.swift */,
			);
			path = Home;
			sourceTree = "<group>";
		};
		4480DF842BA490DB005454FD /* Detail */ = {
			isa = PBXGroup;
			children = (
				4480DF872BA4910F005454FD /* DetailViewController.swift */,
			);
			path = Detail;
			sourceTree = "<group>";
		};
		4480DF8F2BA4C3D9005454FD /* Endpoint */ = {
			isa = PBXGroup;
			children = (
				4480DF902BA4C3F1005454FD /* HomeEndpoint.swift */,
			);
			path = Endpoint;
			sourceTree = "<group>";
		};
		4480DF922BA4C649005454FD /* Model */ = {
			isa = PBXGroup;
			children = (
				4480DF932BA4C658005454FD /* HomeDTO.swift */,
			);
			path = Model;
			sourceTree = "<group>";
		};
		4480DF952BA4CB9C005454FD /* NetworkImageLoader */ = {
			isa = PBXGroup;
			children = (
				4480DF962BA4CBA2005454FD /* NetworkImageLoader.swift */,
			);
			path = NetworkImageLoader;
			sourceTree = "<group>";
		};
		4480DF982BA5B87F005454FD /* Components */ = {
			isa = PBXGroup;
			children = (
				4480DFA12BA5CF17005454FD /* Cells */,
				4480DFA42BA5D217005454FD /* Views */,
			);
			path = Components;
			sourceTree = "<group>";
		};
		4480DF9B2BA5BA02005454FD /* Extensions */ = {
			isa = PBXGroup;
			children = (
				4480DF9C2BA5BA19005454FD /* UIView+Extensions.swift */,
			);
			path = Extensions;
			sourceTree = "<group>";
		};
		4480DF9E2BA5BB04005454FD /* ViewCode */ = {
			isa = PBXGroup;
			children = (
				4480DF9F2BA5BB14005454FD /* ViewCodeProtocol.swift */,
			);
			path = ViewCode;
			sourceTree = "<group>";
		};
		4480DFA12BA5CF17005454FD /* Cells */ = {
			isa = PBXGroup;
			children = (
				4480DFA22BA5CF7F005454FD /* HomeTableCell.swift */,
				4480DFA52BA5E5B2005454FD /* HomeCollectionCell.swift */,
			);
			path = Cells;
			sourceTree = "<group>";
		};
		4480DFA42BA5D217005454FD /* Views */ = {
			isa = PBXGroup;
			children = (
				4480DF992BA5B8A0005454FD /* HomeHeaderView.swift */,
				442728CD2BA867E3006B9424 /* SpotLightView.swift */,
			);
			path = Views;
			sourceTree = "<group>";
		};
		8CD069DC86465B7CF9561C5E /* Frameworks */ = {
			isa = PBXGroup;
			children = (
				EDA50B71217E956D66A535BB /* Pods_Digio_Challenge.framework */,
				4591C37939055E2EB4950718 /* Pods_Digio_Challenge_Digio_ChallengeUITests.framework */,
				14B9C4361D70EA6B9E8BA70D /* Pods_Digio_ChallengeTests.framework */,
			);
			name = Frameworks;
			sourceTree = "<group>";
		};
/* End PBXGroup section */

/* Begin PBXNativeTarget section */
		4480DF2D2BA46048005454FD /* Digio-Challenge */ = {
			isa = PBXNativeTarget;
			buildConfigurationList = 4480DF582BA4604E005454FD /* Build configuration list for PBXNativeTarget "Digio-Challenge" */;
			buildPhases = (
				0A49B4C87FB15A9925B27385 /* [CP] Check Pods Manifest.lock */,
				4480DF2A2BA46048005454FD /* Sources */,
				4480DF2B2BA46048005454FD /* Frameworks */,
				4480DF2C2BA46048005454FD /* Resources */,
			);
			buildRules = (
			);
			dependencies = (
			);
			name = "Digio-Challenge";
			productName = "Digio-Challenge";
			productReference = 4480DF2E2BA46048005454FD /* Digio-Challenge.app */;
			productType = "com.apple.product-type.application";
		};
		4480DF432BA4604E005454FD /* Digio-ChallengeTests */ = {
			isa = PBXNativeTarget;
			buildConfigurationList = 4480DF5B2BA4604E005454FD /* Build configuration list for PBXNativeTarget "Digio-ChallengeTests" */;
			buildPhases = (
				0053C70258D56B9C8028141B /* [CP] Check Pods Manifest.lock */,
				4480DF402BA4604E005454FD /* Sources */,
				4480DF412BA4604E005454FD /* Frameworks */,
				4480DF422BA4604E005454FD /* Resources */,
				0CA9E16B4982156DA6F79C19 /* [CP] Embed Pods Frameworks */,
			);
			buildRules = (
			);
			dependencies = (
				4480DF462BA4604E005454FD /* PBXTargetDependency */,
			);
			name = "Digio-ChallengeTests";
			productName = "Digio-ChallengeTests";
			productReference = 4480DF442BA4604E005454FD /* Digio-ChallengeTests.xctest */;
			productType = "com.apple.product-type.bundle.unit-test";
		};
		4480DF4D2BA4604E005454FD /* Digio-ChallengeUITests */ = {
			isa = PBXNativeTarget;
			buildConfigurationList = 4480DF5E2BA4604E005454FD /* Build configuration list for PBXNativeTarget "Digio-ChallengeUITests" */;
			buildPhases = (
				00A2A295D77C4697669BCC8E /* [CP] Check Pods Manifest.lock */,
				4480DF4A2BA4604E005454FD /* Sources */,
				4480DF4B2BA4604E005454FD /* Frameworks */,
				4480DF4C2BA4604E005454FD /* Resources */,
			);
			buildRules = (
			);
			dependencies = (
				4480DF502BA4604E005454FD /* PBXTargetDependency */,
			);
			name = "Digio-ChallengeUITests";
			productName = "Digio-ChallengeUITests";
			productReference = 4480DF4E2BA4604E005454FD /* Digio-ChallengeUITests.xctest */;
			productType = "com.apple.product-type.bundle.ui-testing";
		};
/* End PBXNativeTarget section */

/* Begin PBXProject section */
		4480DF262BA46048005454FD /* Project object */ = {
			isa = PBXProject;
			attributes = {
				BuildIndependentTargetsInParallel = 1;
				LastSwiftUpdateCheck = 1430;
				LastUpgradeCheck = 1430;
				TargetAttributes = {
					4480DF2D2BA46048005454FD = {
						CreatedOnToolsVersion = 14.3.1;
					};
					4480DF432BA4604E005454FD = {
						CreatedOnToolsVersion = 14.3.1;
						TestTargetID = 4480DF2D2BA46048005454FD;
					};
					4480DF4D2BA4604E005454FD = {
						CreatedOnToolsVersion = 14.3.1;
						TestTargetID = 4480DF2D2BA46048005454FD;
					};
				};
			};
			buildConfigurationList = 4480DF292BA46048005454FD /* Build configuration list for PBXProject "Digio-Challenge" */;
			compatibilityVersion = "Xcode 14.0";
			developmentRegion = en;
			hasScannedForEncodings = 0;
			knownRegions = (
				en,
				Base,
			);
			mainGroup = 4480DF252BA46048005454FD;
			productRefGroup = 4480DF2F2BA46048005454FD /* Products */;
			projectDirPath = "";
			projectRoot = "";
			targets = (
				4480DF2D2BA46048005454FD /* Digio-Challenge */,
				4480DF432BA4604E005454FD /* Digio-ChallengeTests */,
				4480DF4D2BA4604E005454FD /* Digio-ChallengeUITests */,
			);
		};
/* End PBXProject section */

/* Begin PBXResourcesBuildPhase section */
		4480DF2C2BA46048005454FD /* Resources */ = {
			isa = PBXResourcesBuildPhase;
			buildActionMask = 2147483647;
			files = (
				4480DF3E2BA4604D005454FD /* LaunchScreen.storyboard in Resources */,
				4480DF3B2BA4604D005454FD /* Assets.xcassets in Resources */,
			);
			runOnlyForDeploymentPostprocessing = 0;
		};
		4480DF422BA4604E005454FD /* Resources */ = {
			isa = PBXResourcesBuildPhase;
			buildActionMask = 2147483647;
			files = (
			);
			runOnlyForDeploymentPostprocessing = 0;
		};
		4480DF4C2BA4604E005454FD /* Resources */ = {
			isa = PBXResourcesBuildPhase;
			buildActionMask = 2147483647;
			files = (
			);
			runOnlyForDeploymentPostprocessing = 0;
		};
/* End PBXResourcesBuildPhase section */

/* Begin PBXShellScriptBuildPhase section */
		0053C70258D56B9C8028141B /* [CP] Check Pods Manifest.lock */ = {
			isa = PBXShellScriptBuildPhase;
			buildActionMask = 2147483647;
			files = (
			);
			inputFileListPaths = (
			);
			inputPaths = (
				"${PODS_PODFILE_DIR_PATH}/Podfile.lock",
				"${PODS_ROOT}/Manifest.lock",
			);
			name = "[CP] Check Pods Manifest.lock";
			outputFileListPaths = (
			);
			outputPaths = (
				"$(DERIVED_FILE_DIR)/Pods-Digio-ChallengeTests-checkManifestLockResult.txt",
			);
			runOnlyForDeploymentPostprocessing = 0;
			shellPath = /bin/sh;
			shellScript = "diff \"${PODS_PODFILE_DIR_PATH}/Podfile.lock\" \"${PODS_ROOT}/Manifest.lock\" > /dev/null\nif [ $? != 0 ] ; then\n    # print error to STDERR\n    echo \"error: The sandbox is not in sync with the Podfile.lock. Run 'pod install' or update your CocoaPods installation.\" >&2\n    exit 1\nfi\n# This output is used by Xcode 'outputs' to avoid re-running this script phase.\necho \"SUCCESS\" > \"${SCRIPT_OUTPUT_FILE_0}\"\n";
			showEnvVarsInLog = 0;
		};
		00A2A295D77C4697669BCC8E /* [CP] Check Pods Manifest.lock */ = {
			isa = PBXShellScriptBuildPhase;
			buildActionMask = 2147483647;
			files = (
			);
			inputFileListPaths = (
			);
			inputPaths = (
				"${PODS_PODFILE_DIR_PATH}/Podfile.lock",
				"${PODS_ROOT}/Manifest.lock",
			);
			name = "[CP] Check Pods Manifest.lock";
			outputFileListPaths = (
			);
			outputPaths = (
				"$(DERIVED_FILE_DIR)/Pods-Digio-Challenge-Digio-ChallengeUITests-checkManifestLockResult.txt",
			);
			runOnlyForDeploymentPostprocessing = 0;
			shellPath = /bin/sh;
			shellScript = "diff \"${PODS_PODFILE_DIR_PATH}/Podfile.lock\" \"${PODS_ROOT}/Manifest.lock\" > /dev/null\nif [ $? != 0 ] ; then\n    # print error to STDERR\n    echo \"error: The sandbox is not in sync with the Podfile.lock. Run 'pod install' or update your CocoaPods installation.\" >&2\n    exit 1\nfi\n# This output is used by Xcode 'outputs' to avoid re-running this script phase.\necho \"SUCCESS\" > \"${SCRIPT_OUTPUT_FILE_0}\"\n";
			showEnvVarsInLog = 0;
		};
		0A49B4C87FB15A9925B27385 /* [CP] Check Pods Manifest.lock */ = {
			isa = PBXShellScriptBuildPhase;
			buildActionMask = 2147483647;
			files = (
			);
			inputFileListPaths = (
			);
			inputPaths = (
				"${PODS_PODFILE_DIR_PATH}/Podfile.lock",
				"${PODS_ROOT}/Manifest.lock",
			);
			name = "[CP] Check Pods Manifest.lock";
			outputFileListPaths = (
			);
			outputPaths = (
				"$(DERIVED_FILE_DIR)/Pods-Digio-Challenge-checkManifestLockResult.txt",
			);
			runOnlyForDeploymentPostprocessing = 0;
			shellPath = /bin/sh;
			shellScript = "diff \"${PODS_PODFILE_DIR_PATH}/Podfile.lock\" \"${PODS_ROOT}/Manifest.lock\" > /dev/null\nif [ $? != 0 ] ; then\n    # print error to STDERR\n    echo \"error: The sandbox is not in sync with the Podfile.lock. Run 'pod install' or update your CocoaPods installation.\" >&2\n    exit 1\nfi\n# This output is used by Xcode 'outputs' to avoid re-running this script phase.\necho \"SUCCESS\" > \"${SCRIPT_OUTPUT_FILE_0}\"\n";
			showEnvVarsInLog = 0;
		};
		0CA9E16B4982156DA6F79C19 /* [CP] Embed Pods Frameworks */ = {
			isa = PBXShellScriptBuildPhase;
			buildActionMask = 2147483647;
			files = (
			);
			inputFileListPaths = (
				"${PODS_ROOT}/Target Support Files/Pods-Digio-ChallengeTests/Pods-Digio-ChallengeTests-frameworks-${CONFIGURATION}-input-files.xcfilelist",
			);
			name = "[CP] Embed Pods Frameworks";
			outputFileListPaths = (
				"${PODS_ROOT}/Target Support Files/Pods-Digio-ChallengeTests/Pods-Digio-ChallengeTests-frameworks-${CONFIGURATION}-output-files.xcfilelist",
			);
			runOnlyForDeploymentPostprocessing = 0;
			shellPath = /bin/sh;
			shellScript = "\"${PODS_ROOT}/Target Support Files/Pods-Digio-ChallengeTests/Pods-Digio-ChallengeTests-frameworks.sh\"\n";
			showEnvVarsInLog = 0;
		};
/* End PBXShellScriptBuildPhase section */

/* Begin PBXSourcesBuildPhase section */
		4480DF2A2BA46048005454FD /* Sources */ = {
			isa = PBXSourcesBuildPhase;
			buildActionMask = 2147483647;
			files = (
				4480DF8C2BA4BD0A005454FD /* HomeViewModel.swift in Sources */,
				4480DF7E2BA48F87005454FD /* AppCoordinator.swift in Sources */,
				4480DF862BA490EF005454FD /* MainCoordinator.swift in Sources */,
				4480DF362BA46048005454FD /* HomeViewController.swift in Sources */,
				4480DF692BA4764F005454FD /* NetworkRequestable.swift in Sources */,
				4480DF9A2BA5B8A0005454FD /* HomeHeaderView.swift in Sources */,
				4480DF822BA48FEA005454FD /* NavigationCoordinator.swift in Sources */,
				4480DF322BA46048005454FD /* AppDelegate.swift in Sources */,
				4480DFA62BA5E5B2005454FD /* HomeCollectionCell.swift in Sources */,
				4480DF8E2BA4BFFF005454FD /* HomeRouter.swift in Sources */,
				442728CE2BA867E3006B9424 /* SpotLightView.swift in Sources */,
				4480DF732BA47A33005454FD /* Environment.swift in Sources */,
				4480DF912BA4C3F1005454FD /* HomeEndpoint.swift in Sources */,
				4480DF972BA4CBA2005454FD /* NetworkImageLoader.swift in Sources */,
				4480DF6F2BA47750005454FD /* NetworkErrorType.swift in Sources */,
				4480DF9D2BA5BA19005454FD /* UIView+Extensions.swift in Sources */,
				4480DFA32BA5CF7F005454FD /* HomeTableCell.swift in Sources */,
				4480DF6B2BA4770B005454FD /* NetworkEndpoint.swift in Sources */,
				4480DF942BA4C658005454FD /* HomeDTO.swift in Sources */,
				4480DF6D2BA4772A005454FD /* NetworkMethod.swift in Sources */,
				4480DF802BA48F9F005454FD /* Coordinator.swift in Sources */,
				4480DF8A2BA4BC52005454FD /* HomeBuilder.swift in Sources */,
				4480DF7B2BA48E94005454FD /* Coordinatable.swift in Sources */,
				4480DF882BA4910F005454FD /* DetailViewController.swift in Sources */,
				4480DF772BA47BEC005454FD /* NetworkRequestService.swift in Sources */,
				4480DF752BA47B6A005454FD /* NetworkConfiguration.swift in Sources */,
				4480DFA02BA5BB14005454FD /* ViewCodeProtocol.swift in Sources */,
			);
			runOnlyForDeploymentPostprocessing = 0;
		};
		4480DF402BA4604E005454FD /* Sources */ = {
			isa = PBXSourcesBuildPhase;
			buildActionMask = 2147483647;
			files = (
				4480DF492BA4604E005454FD /* Digio_ChallengeTests.swift in Sources */,
			);
			runOnlyForDeploymentPostprocessing = 0;
		};
		4480DF4A2BA4604E005454FD /* Sources */ = {
			isa = PBXSourcesBuildPhase;
			buildActionMask = 2147483647;
			files = (
				4480DF532BA4604E005454FD /* Digio_ChallengeUITests.swift in Sources */,
				4480DF552BA4604E005454FD /* Digio_ChallengeUITestsLaunchTests.swift in Sources */,
			);
			runOnlyForDeploymentPostprocessing = 0;
		};
/* End PBXSourcesBuildPhase section */

/* Begin PBXTargetDependency section */
		4480DF462BA4604E005454FD /* PBXTargetDependency */ = {
			isa = PBXTargetDependency;
			target = 4480DF2D2BA46048005454FD /* Digio-Challenge */;
			targetProxy = 4480DF452BA4604E005454FD /* PBXContainerItemProxy */;
		};
		4480DF502BA4604E005454FD /* PBXTargetDependency */ = {
			isa = PBXTargetDependency;
			target = 4480DF2D2BA46048005454FD /* Digio-Challenge */;
			targetProxy = 4480DF4F2BA4604E005454FD /* PBXContainerItemProxy */;
		};
/* End PBXTargetDependency section */

/* Begin PBXVariantGroup section */
		4480DF3C2BA4604D005454FD /* LaunchScreen.storyboard */ = {
			isa = PBXVariantGroup;
			children = (
				4480DF3D2BA4604D005454FD /* Base */,
			);
			name = LaunchScreen.storyboard;
			sourceTree = "<group>";
		};
/* End PBXVariantGroup section */

/* Begin XCBuildConfiguration section */
		4480DF562BA4604E005454FD /* Debug */ = {
			isa = XCBuildConfiguration;
			buildSettings = {
				ALWAYS_SEARCH_USER_PATHS = NO;
				CLANG_ANALYZER_NONNULL = YES;
				CLANG_ANALYZER_NUMBER_OBJECT_CONVERSION = YES_AGGRESSIVE;
				CLANG_CXX_LANGUAGE_STANDARD = "gnu++20";
				CLANG_ENABLE_MODULES = YES;
				CLANG_ENABLE_OBJC_ARC = YES;
				CLANG_ENABLE_OBJC_WEAK = YES;
				CLANG_WARN_BLOCK_CAPTURE_AUTORELEASING = YES;
				CLANG_WARN_BOOL_CONVERSION = YES;
				CLANG_WARN_COMMA = YES;
				CLANG_WARN_CONSTANT_CONVERSION = YES;
				CLANG_WARN_DEPRECATED_OBJC_IMPLEMENTATIONS = YES;
				CLANG_WARN_DIRECT_OBJC_ISA_USAGE = YES_ERROR;
				CLANG_WARN_DOCUMENTATION_COMMENTS = YES;
				CLANG_WARN_EMPTY_BODY = YES;
				CLANG_WARN_ENUM_CONVERSION = YES;
				CLANG_WARN_INFINITE_RECURSION = YES;
				CLANG_WARN_INT_CONVERSION = YES;
				CLANG_WARN_NON_LITERAL_NULL_CONVERSION = YES;
				CLANG_WARN_OBJC_IMPLICIT_RETAIN_SELF = YES;
				CLANG_WARN_OBJC_LITERAL_CONVERSION = YES;
				CLANG_WARN_OBJC_ROOT_CLASS = YES_ERROR;
				CLANG_WARN_QUOTED_INCLUDE_IN_FRAMEWORK_HEADER = YES;
				CLANG_WARN_RANGE_LOOP_ANALYSIS = YES;
				CLANG_WARN_STRICT_PROTOTYPES = YES;
				CLANG_WARN_SUSPICIOUS_MOVE = YES;
				CLANG_WARN_UNGUARDED_AVAILABILITY = YES_AGGRESSIVE;
				CLANG_WARN_UNREACHABLE_CODE = YES;
				CLANG_WARN__DUPLICATE_METHOD_MATCH = YES;
				COPY_PHASE_STRIP = NO;
				DEBUG_INFORMATION_FORMAT = dwarf;
				ENABLE_STRICT_OBJC_MSGSEND = YES;
				ENABLE_TESTABILITY = YES;
				GCC_C_LANGUAGE_STANDARD = gnu11;
				GCC_DYNAMIC_NO_PIC = NO;
				GCC_NO_COMMON_BLOCKS = YES;
				GCC_OPTIMIZATION_LEVEL = 0;
				GCC_PREPROCESSOR_DEFINITIONS = (
					"DEBUG=1",
					"$(inherited)",
				);
				GCC_WARN_64_TO_32_BIT_CONVERSION = YES;
				GCC_WARN_ABOUT_RETURN_TYPE = YES_ERROR;
				GCC_WARN_UNDECLARED_SELECTOR = YES;
				GCC_WARN_UNINITIALIZED_AUTOS = YES_AGGRESSIVE;
				GCC_WARN_UNUSED_FUNCTION = YES;
				GCC_WARN_UNUSED_VARIABLE = YES;
				IPHONEOS_DEPLOYMENT_TARGET = 12.0;
				MTL_ENABLE_DEBUG_INFO = INCLUDE_SOURCE;
				MTL_FAST_MATH = YES;
				ONLY_ACTIVE_ARCH = YES;
				SDKROOT = iphoneos;
				SWIFT_ACTIVE_COMPILATION_CONDITIONS = DEBUG;
				SWIFT_OPTIMIZATION_LEVEL = "-Onone";
			};
			name = Debug;
		};
		4480DF572BA4604E005454FD /* Release */ = {
			isa = XCBuildConfiguration;
			buildSettings = {
				ALWAYS_SEARCH_USER_PATHS = NO;
				CLANG_ANALYZER_NONNULL = YES;
				CLANG_ANALYZER_NUMBER_OBJECT_CONVERSION = YES_AGGRESSIVE;
				CLANG_CXX_LANGUAGE_STANDARD = "gnu++20";
				CLANG_ENABLE_MODULES = YES;
				CLANG_ENABLE_OBJC_ARC = YES;
				CLANG_ENABLE_OBJC_WEAK = YES;
				CLANG_WARN_BLOCK_CAPTURE_AUTORELEASING = YES;
				CLANG_WARN_BOOL_CONVERSION = YES;
				CLANG_WARN_COMMA = YES;
				CLANG_WARN_CONSTANT_CONVERSION = YES;
				CLANG_WARN_DEPRECATED_OBJC_IMPLEMENTATIONS = YES;
				CLANG_WARN_DIRECT_OBJC_ISA_USAGE = YES_ERROR;
				CLANG_WARN_DOCUMENTATION_COMMENTS = YES;
				CLANG_WARN_EMPTY_BODY = YES;
				CLANG_WARN_ENUM_CONVERSION = YES;
				CLANG_WARN_INFINITE_RECURSION = YES;
				CLANG_WARN_INT_CONVERSION = YES;
				CLANG_WARN_NON_LITERAL_NULL_CONVERSION = YES;
				CLANG_WARN_OBJC_IMPLICIT_RETAIN_SELF = YES;
				CLANG_WARN_OBJC_LITERAL_CONVERSION = YES;
				CLANG_WARN_OBJC_ROOT_CLASS = YES_ERROR;
				CLANG_WARN_QUOTED_INCLUDE_IN_FRAMEWORK_HEADER = YES;
				CLANG_WARN_RANGE_LOOP_ANALYSIS = YES;
				CLANG_WARN_STRICT_PROTOTYPES = YES;
				CLANG_WARN_SUSPICIOUS_MOVE = YES;
				CLANG_WARN_UNGUARDED_AVAILABILITY = YES_AGGRESSIVE;
				CLANG_WARN_UNREACHABLE_CODE = YES;
				CLANG_WARN__DUPLICATE_METHOD_MATCH = YES;
				COPY_PHASE_STRIP = NO;
				DEBUG_INFORMATION_FORMAT = "dwarf-with-dsym";
				ENABLE_NS_ASSERTIONS = NO;
				ENABLE_STRICT_OBJC_MSGSEND = YES;
				GCC_C_LANGUAGE_STANDARD = gnu11;
				GCC_NO_COMMON_BLOCKS = YES;
				GCC_WARN_64_TO_32_BIT_CONVERSION = YES;
				GCC_WARN_ABOUT_RETURN_TYPE = YES_ERROR;
				GCC_WARN_UNDECLARED_SELECTOR = YES;
				GCC_WARN_UNINITIALIZED_AUTOS = YES_AGGRESSIVE;
				GCC_WARN_UNUSED_FUNCTION = YES;
				GCC_WARN_UNUSED_VARIABLE = YES;
				IPHONEOS_DEPLOYMENT_TARGET = 12.0;
				MTL_ENABLE_DEBUG_INFO = NO;
				MTL_FAST_MATH = YES;
				SDKROOT = iphoneos;
				SWIFT_COMPILATION_MODE = wholemodule;
				SWIFT_OPTIMIZATION_LEVEL = "-O";
				VALIDATE_PRODUCT = YES;
			};
			name = Release;
		};
		4480DF592BA4604E005454FD /* Debug */ = {
			isa = XCBuildConfiguration;
			baseConfigurationReference = 822ED64C2A6E4EEF54AC060F /* Pods-Digio-Challenge.debug.xcconfig */;
			buildSettings = {
				ASSETCATALOG_COMPILER_APPICON_NAME = AppIcon;
				ASSETCATALOG_COMPILER_GLOBAL_ACCENT_COLOR_NAME = AccentColor;
				CODE_SIGN_STYLE = Automatic;
				CURRENT_PROJECT_VERSION = 1;
				DEVELOPMENT_TEAM = 3J3DPX6MMA;
				GENERATE_INFOPLIST_FILE = YES;
				INFOPLIST_FILE = "Digio-Challenge/Resources/Info.plist";
				INFOPLIST_KEY_UIApplicationSupportsIndirectInputEvents = YES;
				INFOPLIST_KEY_UILaunchStoryboardName = LaunchScreen;
				INFOPLIST_KEY_UISupportedInterfaceOrientations_iPad = "UIInterfaceOrientationPortrait UIInterfaceOrientationPortraitUpsideDown UIInterfaceOrientationLandscapeLeft UIInterfaceOrientationLandscapeRight";
				INFOPLIST_KEY_UISupportedInterfaceOrientations_iPhone = "UIInterfaceOrientationPortrait UIInterfaceOrientationLandscapeLeft UIInterfaceOrientationLandscapeRight";
				IPHONEOS_DEPLOYMENT_TARGET = 12.0;
				LD_RUNPATH_SEARCH_PATHS = (
					"$(inherited)",
					"@executable_path/Frameworks",
				);
				MARKETING_VERSION = 1.0;
				PRODUCT_BUNDLE_IDENTIFIER = "wesleyfonseca.com.Digio-Challenge";
				PRODUCT_NAME = "$(TARGET_NAME)";
				SWIFT_EMIT_LOC_STRINGS = YES;
				SWIFT_VERSION = 5.0;
				TARGETED_DEVICE_FAMILY = "1,2";
			};
			name = Debug;
		};
		4480DF5A2BA4604E005454FD /* Release */ = {
			isa = XCBuildConfiguration;
			baseConfigurationReference = 8C96031399086C61BF6E5CE0 /* Pods-Digio-Challenge.release.xcconfig */;
			buildSettings = {
				ASSETCATALOG_COMPILER_APPICON_NAME = AppIcon;
				ASSETCATALOG_COMPILER_GLOBAL_ACCENT_COLOR_NAME = AccentColor;
				CODE_SIGN_STYLE = Automatic;
				CURRENT_PROJECT_VERSION = 1;
				DEVELOPMENT_TEAM = 3J3DPX6MMA;
				GENERATE_INFOPLIST_FILE = YES;
				INFOPLIST_FILE = "Digio-Challenge/Resources/Info.plist";
				INFOPLIST_KEY_UIApplicationSupportsIndirectInputEvents = YES;
				INFOPLIST_KEY_UILaunchStoryboardName = LaunchScreen;
				INFOPLIST_KEY_UISupportedInterfaceOrientations_iPad = "UIInterfaceOrientationPortrait UIInterfaceOrientationPortraitUpsideDown UIInterfaceOrientationLandscapeLeft UIInterfaceOrientationLandscapeRight";
				INFOPLIST_KEY_UISupportedInterfaceOrientations_iPhone = "UIInterfaceOrientationPortrait UIInterfaceOrientationLandscapeLeft UIInterfaceOrientationLandscapeRight";
				IPHONEOS_DEPLOYMENT_TARGET = 12.0;
				LD_RUNPATH_SEARCH_PATHS = (
					"$(inherited)",
					"@executable_path/Frameworks",
				);
				MARKETING_VERSION = 1.0;
				PRODUCT_BUNDLE_IDENTIFIER = "wesleyfonseca.com.Digio-Challenge";
				PRODUCT_NAME = "$(TARGET_NAME)";
				SWIFT_EMIT_LOC_STRINGS = YES;
				SWIFT_VERSION = 5.0;
				TARGETED_DEVICE_FAMILY = "1,2";
			};
			name = Release;
		};
		4480DF5C2BA4604E005454FD /* Debug */ = {
			isa = XCBuildConfiguration;
			baseConfigurationReference = 617CC962AB6DF1FEB5C91FFE /* Pods-Digio-ChallengeTests.debug.xcconfig */;
			buildSettings = {
				ALWAYS_EMBED_SWIFT_STANDARD_LIBRARIES = YES;
				BUNDLE_LOADER = "$(TEST_HOST)";
				CODE_SIGN_STYLE = Automatic;
				CURRENT_PROJECT_VERSION = 1;
				DEVELOPMENT_TEAM = 3J3DPX6MMA;
				GENERATE_INFOPLIST_FILE = YES;
				IPHONEOS_DEPLOYMENT_TARGET = 12.0;
				MARKETING_VERSION = 1.0;
				PRODUCT_BUNDLE_IDENTIFIER = "wesleyfonseca.com.Digio-ChallengeTests";
				PRODUCT_NAME = "$(TARGET_NAME)";
				SWIFT_EMIT_LOC_STRINGS = NO;
				SWIFT_VERSION = 5.0;
				TARGETED_DEVICE_FAMILY = "1,2";
				TEST_HOST = "$(BUILT_PRODUCTS_DIR)/Digio-Challenge.app/$(BUNDLE_EXECUTABLE_FOLDER_PATH)/Digio-Challenge";
			};
			name = Debug;
		};
		4480DF5D2BA4604E005454FD /* Release */ = {
			isa = XCBuildConfiguration;
			baseConfigurationReference = F4822B1273E4B05075959FFB /* Pods-Digio-ChallengeTests.release.xcconfig */;
			buildSettings = {
				ALWAYS_EMBED_SWIFT_STANDARD_LIBRARIES = YES;
				BUNDLE_LOADER = "$(TEST_HOST)";
				CODE_SIGN_STYLE = Automatic;
				CURRENT_PROJECT_VERSION = 1;
				DEVELOPMENT_TEAM = 3J3DPX6MMA;
				GENERATE_INFOPLIST_FILE = YES;
				IPHONEOS_DEPLOYMENT_TARGET = 12.0;
				MARKETING_VERSION = 1.0;
				PRODUCT_BUNDLE_IDENTIFIER = "wesleyfonseca.com.Digio-ChallengeTests";
				PRODUCT_NAME = "$(TARGET_NAME)";
				SWIFT_EMIT_LOC_STRINGS = NO;
				SWIFT_VERSION = 5.0;
				TARGETED_DEVICE_FAMILY = "1,2";
				TEST_HOST = "$(BUILT_PRODUCTS_DIR)/Digio-Challenge.app/$(BUNDLE_EXECUTABLE_FOLDER_PATH)/Digio-Challenge";
			};
			name = Release;
		};
		4480DF5F2BA4604E005454FD /* Debug */ = {
			isa = XCBuildConfiguration;
			baseConfigurationReference = 8EECB6EB106F59081B25754C /* Pods-Digio-Challenge-Digio-ChallengeUITests.debug.xcconfig */;
			buildSettings = {
				ALWAYS_EMBED_SWIFT_STANDARD_LIBRARIES = YES;
				CODE_SIGN_STYLE = Automatic;
				CURRENT_PROJECT_VERSION = 1;
				DEVELOPMENT_TEAM = 3J3DPX6MMA;
				GENERATE_INFOPLIST_FILE = YES;
				IPHONEOS_DEPLOYMENT_TARGET = 12.0;
				MARKETING_VERSION = 1.0;
				PRODUCT_BUNDLE_IDENTIFIER = "wesleyfonseca.com.Digio-ChallengeUITests";
				PRODUCT_NAME = "$(TARGET_NAME)";
				SWIFT_EMIT_LOC_STRINGS = NO;
				SWIFT_VERSION = 5.0;
				TARGETED_DEVICE_FAMILY = "1,2";
				TEST_TARGET_NAME = "Digio-Challenge";
			};
			name = Debug;
		};
		4480DF602BA4604E005454FD /* Release */ = {
			isa = XCBuildConfiguration;
			baseConfigurationReference = 68926B73221A162F11F38462 /* Pods-Digio-Challenge-Digio-ChallengeUITests.release.xcconfig */;
			buildSettings = {
				ALWAYS_EMBED_SWIFT_STANDARD_LIBRARIES = YES;
				CODE_SIGN_STYLE = Automatic;
				CURRENT_PROJECT_VERSION = 1;
				DEVELOPMENT_TEAM = 3J3DPX6MMA;
				GENERATE_INFOPLIST_FILE = YES;
				IPHONEOS_DEPLOYMENT_TARGET = 12.0;
				MARKETING_VERSION = 1.0;
				PRODUCT_BUNDLE_IDENTIFIER = "wesleyfonseca.com.Digio-ChallengeUITests";
				PRODUCT_NAME = "$(TARGET_NAME)";
				SWIFT_EMIT_LOC_STRINGS = NO;
				SWIFT_VERSION = 5.0;
				TARGETED_DEVICE_FAMILY = "1,2";
				TEST_TARGET_NAME = "Digio-Challenge";
			};
			name = Release;
		};
/* End XCBuildConfiguration section */

/* Begin XCConfigurationList section */
		4480DF292BA46048005454FD /* Build configuration list for PBXProject "Digio-Challenge" */ = {
			isa = XCConfigurationList;
			buildConfigurations = (
				4480DF562BA4604E005454FD /* Debug */,
				4480DF572BA4604E005454FD /* Release */,
			);
			defaultConfigurationIsVisible = 0;
			defaultConfigurationName = Release;
		};
		4480DF582BA4604E005454FD /* Build configuration list for PBXNativeTarget "Digio-Challenge" */ = {
			isa = XCConfigurationList;
			buildConfigurations = (
				4480DF592BA4604E005454FD /* Debug */,
				4480DF5A2BA4604E005454FD /* Release */,
			);
			defaultConfigurationIsVisible = 0;
			defaultConfigurationName = Release;
		};
		4480DF5B2BA4604E005454FD /* Build configuration list for PBXNativeTarget "Digio-ChallengeTests" */ = {
			isa = XCConfigurationList;
			buildConfigurations = (
				4480DF5C2BA4604E005454FD /* Debug */,
				4480DF5D2BA4604E005454FD /* Release */,
			);
			defaultConfigurationIsVisible = 0;
			defaultConfigurationName = Release;
		};
		4480DF5E2BA4604E005454FD /* Build configuration list for PBXNativeTarget "Digio-ChallengeUITests" */ = {
			isa = XCConfigurationList;
			buildConfigurations = (
				4480DF5F2BA4604E005454FD /* Debug */,
				4480DF602BA4604E005454FD /* Release */,
			);
			defaultConfigurationIsVisible = 0;
			defaultConfigurationName = Release;
		};
/* End XCConfigurationList section */
	};
	rootObject = 4480DF262BA46048005454FD /* Project object */;
}
